
Microsoft Visual Studio Solution File, Format Version 12.00
# Visual Studio Version 16
VisualStudioVersion = 16.0.30413.136
MinimumVisualStudioVersion = 15.0.26124.0
Project("{2150E333-8FDC-42A3-9474-1A3956D46DE8}") = "src", "src", "{FED7DCC9-389C-4091-A953-034B61560A2F}"
EndProject
Project("{2150E333-8FDC-42A3-9474-1A3956D46DE8}") = "Catalog", "Catalog", "{897E9E3A-4001-4D80-84AD-9970E7ED90CE}"
EndProject
Project("{9A19103F-16F7-4668-BE54-9A1E7A4F7556}") = "Catalog.API", "src\Catalog\Catalog.API\Catalog.API.csproj", "{A27DCA5E-3044-4D60-A5E4-81654EBE7CB5}"
EndProject
Project("{E53339B2-1760-4266-BCC7-CA923CBCF16C}") = "docker-compose", "docker-compose.dcproj", "{7A3E8C8E-C3F9-443D-83A2-E9D3B4AF3D4B}"
EndProject
Project("{9A19103F-16F7-4668-BE54-9A1E7A4F7556}") = "Basket.API", "src\Basket\Basket.API\Basket.API.csproj", "{E67F9B10-4DB7-411E-98AA-0D31C5CC8474}"
EndProject
Project("{2150E333-8FDC-42A3-9474-1A3956D46DE8}") = "Basket", "Basket", "{AA32B8BA-8865-4DAA-A1CF-E7EA29DCB95B}"
EndProject
Project("{2150E333-8FDC-42A3-9474-1A3956D46DE8}") = "Common", "Common", "{2CE14C6F-673D-47A5-968B-F48DD77943CC}"
EndProject
Project("{9A19103F-16F7-4668-BE54-9A1E7A4F7556}") = "EventBus.RabbitMQ", "src\Common\EventBus.RabbitMQ\EventBus.RabbitMQ.csproj", "{70FBBB9C-24F9-4A47-AE2F-EB749668723C}"
EndProject
Project("{2150E333-8FDC-42A3-9474-1A3956D46DE8}") = "Ordering", "Ordering", "{1F17AB15-9B41-477E-BCCA-2CF493DE4F58}"
EndProject
Project("{9A19103F-16F7-4668-BE54-9A1E7A4F7556}") = "Ordering.API", "src\Ordering\Ordering.API\Ordering.API.csproj", "{6C77FA7E-9FD8-47E7-A812-9CC456F8ED4D}"
EndProject
Project("{9A19103F-16F7-4668-BE54-9A1E7A4F7556}") = "Ordering.Core", "src\Ordering\Ordering.Core\Ordering.Core.csproj", "{EA7D27C1-2390-438F-9B2C-B9F9D3D89C02}"
EndProject
Project("{9A19103F-16F7-4668-BE54-9A1E7A4F7556}") = "Ordering.Infrastructure", "src\Ordering\Ordering.Infrastructure\Ordering.Infrastructure.csproj", "{70F45B1A-EDF7-45C4-A7F7-E0568DE0016E}"
EndProject
Project("{9A19103F-16F7-4668-BE54-9A1E7A4F7556}") = "Ordering.Application", "src\Ordering\Ordering.Application\Ordering.Application.csproj", "{758B9363-0578-44AB-A892-390419242025}"
EndProject
Project("{2150E333-8FDC-42A3-9474-1A3956D46DE8}") = "APIGateway", "APIGateway", "{036E1605-41D8-4A16-8448-BBD8BBF1EEAA}"
EndProject
Project("{9A19103F-16F7-4668-BE54-9A1E7A4F7556}") = "API.Gateway", "src\Gateway\API.Gateway\API.Gateway.csproj", "{46310DDB-D9B5-41EC-AE56-65A763BC3F5D}"
EndProject
Project("{2150E333-8FDC-42A3-9474-1A3956D46DE8}") = "WebApp", "WebApp", "{F0D4B9CF-F6FB-4876-8310-C01FB4E65D0A}"
EndProject
Project("{9A19103F-16F7-4668-BE54-9A1E7A4F7556}") = "eShop.Web", "src\WebApp\eShop.Web\eShop.Web.csproj", "{11EB9816-5C7D-4E42-B897-F6A2002B15DA}"
EndProject
Global
	GlobalSection(SolutionConfigurationPlatforms) = preSolution
		Debug|Any CPU = Debug|Any CPU
		Debug|x64 = Debug|x64
		Debug|x86 = Debug|x86
		Release|Any CPU = Release|Any CPU
		Release|x64 = Release|x64
		Release|x86 = Release|x86
	EndGlobalSection
	GlobalSection(ProjectConfigurationPlatforms) = postSolution
		{A27DCA5E-3044-4D60-A5E4-81654EBE7CB5}.Debug|Any CPU.ActiveCfg = Debug|Any CPU
		{A27DCA5E-3044-4D60-A5E4-81654EBE7CB5}.Debug|Any CPU.Build.0 = Debug|Any CPU
		{A27DCA5E-3044-4D60-A5E4-81654EBE7CB5}.Debug|x64.ActiveCfg = Debug|Any CPU
		{A27DCA5E-3044-4D60-A5E4-81654EBE7CB5}.Debug|x64.Build.0 = Debug|Any CPU
		{A27DCA5E-3044-4D60-A5E4-81654EBE7CB5}.Debug|x86.ActiveCfg = Debug|Any CPU
		{A27DCA5E-3044-4D60-A5E4-81654EBE7CB5}.Debug|x86.Build.0 = Debug|Any CPU
		{A27DCA5E-3044-4D60-A5E4-81654EBE7CB5}.Release|Any CPU.ActiveCfg = Release|Any CPU
		{A27DCA5E-3044-4D60-A5E4-81654EBE7CB5}.Release|Any CPU.Build.0 = Release|Any CPU
		{A27DCA5E-3044-4D60-A5E4-81654EBE7CB5}.Release|x64.ActiveCfg = Release|Any CPU
		{A27DCA5E-3044-4D60-A5E4-81654EBE7CB5}.Release|x64.Build.0 = Release|Any CPU
		{A27DCA5E-3044-4D60-A5E4-81654EBE7CB5}.Release|x86.ActiveCfg = Release|Any CPU
		{A27DCA5E-3044-4D60-A5E4-81654EBE7CB5}.Release|x86.Build.0 = Release|Any CPU
		{7A3E8C8E-C3F9-443D-83A2-E9D3B4AF3D4B}.Debug|Any CPU.ActiveCfg = Debug|Any CPU
		{7A3E8C8E-C3F9-443D-83A2-E9D3B4AF3D4B}.Debug|Any CPU.Build.0 = Debug|Any CPU
		{7A3E8C8E-C3F9-443D-83A2-E9D3B4AF3D4B}.Debug|x64.ActiveCfg = Debug|Any CPU
		{7A3E8C8E-C3F9-443D-83A2-E9D3B4AF3D4B}.Debug|x64.Build.0 = Debug|Any CPU
		{7A3E8C8E-C3F9-443D-83A2-E9D3B4AF3D4B}.Debug|x86.ActiveCfg = Debug|Any CPU
		{7A3E8C8E-C3F9-443D-83A2-E9D3B4AF3D4B}.Debug|x86.Build.0 = Debug|Any CPU
		{7A3E8C8E-C3F9-443D-83A2-E9D3B4AF3D4B}.Release|Any CPU.ActiveCfg = Release|Any CPU
		{7A3E8C8E-C3F9-443D-83A2-E9D3B4AF3D4B}.Release|Any CPU.Build.0 = Release|Any CPU
		{7A3E8C8E-C3F9-443D-83A2-E9D3B4AF3D4B}.Release|x64.ActiveCfg = Release|Any CPU
		{7A3E8C8E-C3F9-443D-83A2-E9D3B4AF3D4B}.Release|x64.Build.0 = Release|Any CPU
		{7A3E8C8E-C3F9-443D-83A2-E9D3B4AF3D4B}.Release|x86.ActiveCfg = Release|Any CPU
		{7A3E8C8E-C3F9-443D-83A2-E9D3B4AF3D4B}.Release|x86.Build.0 = Release|Any CPU
		{E67F9B10-4DB7-411E-98AA-0D31C5CC8474}.Debug|Any CPU.ActiveCfg = Debug|Any CPU
		{E67F9B10-4DB7-411E-98AA-0D31C5CC8474}.Debug|Any CPU.Build.0 = Debug|Any CPU
		{E67F9B10-4DB7-411E-98AA-0D31C5CC8474}.Debug|x64.ActiveCfg = Debug|Any CPU
		{E67F9B10-4DB7-411E-98AA-0D31C5CC8474}.Debug|x64.Build.0 = Debug|Any CPU
		{E67F9B10-4DB7-411E-98AA-0D31C5CC8474}.Debug|x86.ActiveCfg = Debug|Any CPU
		{E67F9B10-4DB7-411E-98AA-0D31C5CC8474}.Debug|x86.Build.0 = Debug|Any CPU
		{E67F9B10-4DB7-411E-98AA-0D31C5CC8474}.Release|Any CPU.ActiveCfg = Release|Any CPU
		{E67F9B10-4DB7-411E-98AA-0D31C5CC8474}.Release|Any CPU.Build.0 = Release|Any CPU
		{E67F9B10-4DB7-411E-98AA-0D31C5CC8474}.Release|x64.ActiveCfg = Release|Any CPU
		{E67F9B10-4DB7-411E-98AA-0D31C5CC8474}.Release|x64.Build.0 = Release|Any CPU
		{E67F9B10-4DB7-411E-98AA-0D31C5CC8474}.Release|x86.ActiveCfg = Release|Any CPU
		{E67F9B10-4DB7-411E-98AA-0D31C5CC8474}.Release|x86.Build.0 = Release|Any CPU
		{70FBBB9C-24F9-4A47-AE2F-EB749668723C}.Debug|Any CPU.ActiveCfg = Debug|Any CPU
		{70FBBB9C-24F9-4A47-AE2F-EB749668723C}.Debug|Any CPU.Build.0 = Debug|Any CPU
		{70FBBB9C-24F9-4A47-AE2F-EB749668723C}.Debug|x64.ActiveCfg = Debug|Any CPU
		{70FBBB9C-24F9-4A47-AE2F-EB749668723C}.Debug|x64.Build.0 = Debug|Any CPU
		{70FBBB9C-24F9-4A47-AE2F-EB749668723C}.Debug|x86.ActiveCfg = Debug|Any CPU
		{70FBBB9C-24F9-4A47-AE2F-EB749668723C}.Debug|x86.Build.0 = Debug|Any CPU
		{70FBBB9C-24F9-4A47-AE2F-EB749668723C}.Release|Any CPU.ActiveCfg = Release|Any CPU
		{70FBBB9C-24F9-4A47-AE2F-EB749668723C}.Release|Any CPU.Build.0 = Release|Any CPU
		{70FBBB9C-24F9-4A47-AE2F-EB749668723C}.Release|x64.ActiveCfg = Release|Any CPU
		{70FBBB9C-24F9-4A47-AE2F-EB749668723C}.Release|x64.Build.0 = Release|Any CPU
		{70FBBB9C-24F9-4A47-AE2F-EB749668723C}.Release|x86.ActiveCfg = Release|Any CPU
		{70FBBB9C-24F9-4A47-AE2F-EB749668723C}.Release|x86.Build.0 = Release|Any CPU
		{6C77FA7E-9FD8-47E7-A812-9CC456F8ED4D}.Debug|Any CPU.ActiveCfg = Debug|Any CPU
		{6C77FA7E-9FD8-47E7-A812-9CC456F8ED4D}.Debug|Any CPU.Build.0 = Debug|Any CPU
		{6C77FA7E-9FD8-47E7-A812-9CC456F8ED4D}.Debug|x64.ActiveCfg = Debug|Any CPU
		{6C77FA7E-9FD8-47E7-A812-9CC456F8ED4D}.Debug|x64.Build.0 = Debug|Any CPU
		{6C77FA7E-9FD8-47E7-A812-9CC456F8ED4D}.Debug|x86.ActiveCfg = Debug|Any CPU
		{6C77FA7E-9FD8-47E7-A812-9CC456F8ED4D}.Debug|x86.Build.0 = Debug|Any CPU
		{6C77FA7E-9FD8-47E7-A812-9CC456F8ED4D}.Release|Any CPU.ActiveCfg = Release|Any CPU
		{6C77FA7E-9FD8-47E7-A812-9CC456F8ED4D}.Release|Any CPU.Build.0 = Release|Any CPU
		{6C77FA7E-9FD8-47E7-A812-9CC456F8ED4D}.Release|x64.ActiveCfg = Release|Any CPU
		{6C77FA7E-9FD8-47E7-A812-9CC456F8ED4D}.Release|x64.Build.0 = Release|Any CPU
		{6C77FA7E-9FD8-47E7-A812-9CC456F8ED4D}.Release|x86.ActiveCfg = Release|Any CPU
		{6C77FA7E-9FD8-47E7-A812-9CC456F8ED4D}.Release|x86.Build.0 = Release|Any CPU
		{EA7D27C1-2390-438F-9B2C-B9F9D3D89C02}.Debug|Any CPU.ActiveCfg = Debug|Any CPU
		{EA7D27C1-2390-438F-9B2C-B9F9D3D89C02}.Debug|Any CPU.Build.0 = Debug|Any CPU
		{EA7D27C1-2390-438F-9B2C-B9F9D3D89C02}.Debug|x64.ActiveCfg = Debug|Any CPU
		{EA7D27C1-2390-438F-9B2C-B9F9D3D89C02}.Debug|x64.Build.0 = Debug|Any CPU
		{EA7D27C1-2390-438F-9B2C-B9F9D3D89C02}.Debug|x86.ActiveCfg = Debug|Any CPU
		{EA7D27C1-2390-438F-9B2C-B9F9D3D89C02}.Debug|x86.Build.0 = Debug|Any CPU
		{EA7D27C1-2390-438F-9B2C-B9F9D3D89C02}.Release|Any CPU.ActiveCfg = Release|Any CPU
		{EA7D27C1-2390-438F-9B2C-B9F9D3D89C02}.Release|Any CPU.Build.0 = Release|Any CPU
		{EA7D27C1-2390-438F-9B2C-B9F9D3D89C02}.Release|x64.ActiveCfg = Release|Any CPU
		{EA7D27C1-2390-438F-9B2C-B9F9D3D89C02}.Release|x64.Build.0 = Release|Any CPU
		{EA7D27C1-2390-438F-9B2C-B9F9D3D89C02}.Release|x86.ActiveCfg = Release|Any CPU
		{EA7D27C1-2390-438F-9B2C-B9F9D3D89C02}.Release|x86.Build.0 = Release|Any CPU
		{70F45B1A-EDF7-45C4-A7F7-E0568DE0016E}.Debug|Any CPU.ActiveCfg = Debug|Any CPU
		{70F45B1A-EDF7-45C4-A7F7-E0568DE0016E}.Debug|Any CPU.Build.0 = Debug|Any CPU
		{70F45B1A-EDF7-45C4-A7F7-E0568DE0016E}.Debug|x64.ActiveCfg = Debug|Any CPU
		{70F45B1A-EDF7-45C4-A7F7-E0568DE0016E}.Debug|x64.Build.0 = Debug|Any CPU
		{70F45B1A-EDF7-45C4-A7F7-E0568DE0016E}.Debug|x86.ActiveCfg = Debug|Any CPU
		{70F45B1A-EDF7-45C4-A7F7-E0568DE0016E}.Debug|x86.Build.0 = Debug|Any CPU
		{70F45B1A-EDF7-45C4-A7F7-E0568DE0016E}.Release|Any CPU.ActiveCfg = Release|Any CPU
		{70F45B1A-EDF7-45C4-A7F7-E0568DE0016E}.Release|Any CPU.Build.0 = Release|Any CPU
		{70F45B1A-EDF7-45C4-A7F7-E0568DE0016E}.Release|x64.ActiveCfg = Release|Any CPU
		{70F45B1A-EDF7-45C4-A7F7-E0568DE0016E}.Release|x64.Build.0 = Release|Any CPU
		{70F45B1A-EDF7-45C4-A7F7-E0568DE0016E}.Release|x86.ActiveCfg = Release|Any CPU
		{70F45B1A-EDF7-45C4-A7F7-E0568DE0016E}.Release|x86.Build.0 = Release|Any CPU
		{758B9363-0578-44AB-A892-390419242025}.Debug|Any CPU.ActiveCfg = Debug|Any CPU
		{758B9363-0578-44AB-A892-390419242025}.Debug|Any CPU.Build.0 = Debug|Any CPU
		{758B9363-0578-44AB-A892-390419242025}.Debug|x64.ActiveCfg = Debug|Any CPU
		{758B9363-0578-44AB-A892-390419242025}.Debug|x64.Build.0 = Debug|Any CPU
		{758B9363-0578-44AB-A892-390419242025}.Debug|x86.ActiveCfg = Debug|Any CPU
		{758B9363-0578-44AB-A892-390419242025}.Debug|x86.Build.0 = Debug|Any CPU
		{758B9363-0578-44AB-A892-390419242025}.Release|Any CPU.ActiveCfg = Release|Any CPU
		{758B9363-0578-44AB-A892-390419242025}.Release|Any CPU.Build.0 = Release|Any CPU
		{758B9363-0578-44AB-A892-390419242025}.Release|x64.ActiveCfg = Release|Any CPU
		{758B9363-0578-44AB-A892-390419242025}.Release|x64.Build.0 = Release|Any CPU
		{758B9363-0578-44AB-A892-390419242025}.Release|x86.ActiveCfg = Release|Any CPU
		{758B9363-0578-44AB-A892-390419242025}.Release|x86.Build.0 = Release|Any CPU
		{46310DDB-D9B5-41EC-AE56-65A763BC3F5D}.Debug|Any CPU.ActiveCfg = Debug|Any CPU
		{46310DDB-D9B5-41EC-AE56-65A763BC3F5D}.Debug|Any CPU.Build.0 = Debug|Any CPU
		{46310DDB-D9B5-41EC-AE56-65A763BC3F5D}.Debug|x64.ActiveCfg = Debug|Any CPU
		{46310DDB-D9B5-41EC-AE56-65A763BC3F5D}.Debug|x64.Build.0 = Debug|Any CPU
		{46310DDB-D9B5-41EC-AE56-65A763BC3F5D}.Debug|x86.ActiveCfg = Debug|Any CPU
		{46310DDB-D9B5-41EC-AE56-65A763BC3F5D}.Debug|x86.Build.0 = Debug|Any CPU
		{46310DDB-D9B5-41EC-AE56-65A763BC3F5D}.Release|Any CPU.ActiveCfg = Release|Any CPU
		{46310DDB-D9B5-41EC-AE56-65A763BC3F5D}.Release|Any CPU.Build.0 = Release|Any CPU
		{46310DDB-D9B5-41EC-AE56-65A763BC3F5D}.Release|x64.ActiveCfg = Release|Any CPU
		{46310DDB-D9B5-41EC-AE56-65A763BC3F5D}.Release|x64.Build.0 = Release|Any CPU
		{46310DDB-D9B5-41EC-AE56-65A763BC3F5D}.Release|x86.ActiveCfg = Release|Any CPU
		{46310DDB-D9B5-41EC-AE56-65A763BC3F5D}.Release|x86.Build.0 = Release|Any CPU
		{11EB9816-5C7D-4E42-B897-F6A2002B15DA}.Debug|Any CPU.ActiveCfg = Debug|Any CPU
		{11EB9816-5C7D-4E42-B897-F6A2002B15DA}.Debug|Any CPU.Build.0 = Debug|Any CPU
		{11EB9816-5C7D-4E42-B897-F6A2002B15DA}.Debug|x64.ActiveCfg = Debug|Any CPU
		{11EB9816-5C7D-4E42-B897-F6A2002B15DA}.Debug|x64.Build.0 = Debug|Any CPU
		{11EB9816-5C7D-4E42-B897-F6A2002B15DA}.Debug|x86.ActiveCfg = Debug|Any CPU
		{11EB9816-5C7D-4E42-B897-F6A2002B15DA}.Debug|x86.Build.0 = Debug|Any CPU
		{11EB9816-5C7D-4E42-B897-F6A2002B15DA}.Release|Any CPU.ActiveCfg = Release|Any CPU
		{11EB9816-5C7D-4E42-B897-F6A2002B15DA}.Release|Any CPU.Build.0 = Release|Any CPU
		{11EB9816-5C7D-4E42-B897-F6A2002B15DA}.Release|x64.ActiveCfg = Release|Any CPU
		{11EB9816-5C7D-4E42-B897-F6A2002B15DA}.Release|x64.Build.0 = Release|Any CPU
		{11EB9816-5C7D-4E42-B897-F6A2002B15DA}.Release|x86.ActiveCfg = Release|Any CPU
		{11EB9816-5C7D-4E42-B897-F6A2002B15DA}.Release|x86.Build.0 = Release|Any CPU
	EndGlobalSection
	GlobalSection(SolutionProperties) = preSolution
		HideSolutionNode = FALSE
	EndGlobalSection
	GlobalSection(NestedProjects) = preSolution
		{897E9E3A-4001-4D80-84AD-9970E7ED90CE} = {FED7DCC9-389C-4091-A953-034B61560A2F}
		{A27DCA5E-3044-4D60-A5E4-81654EBE7CB5} = {897E9E3A-4001-4D80-84AD-9970E7ED90CE}
		{E67F9B10-4DB7-411E-98AA-0D31C5CC8474} = {AA32B8BA-8865-4DAA-A1CF-E7EA29DCB95B}
		{AA32B8BA-8865-4DAA-A1CF-E7EA29DCB95B} = {FED7DCC9-389C-4091-A953-034B61560A2F}
		{2CE14C6F-673D-47A5-968B-F48DD77943CC} = {FED7DCC9-389C-4091-A953-034B61560A2F}
		{70FBBB9C-24F9-4A47-AE2F-EB749668723C} = {2CE14C6F-673D-47A5-968B-F48DD77943CC}
		{1F17AB15-9B41-477E-BCCA-2CF493DE4F58} = {FED7DCC9-389C-4091-A953-034B61560A2F}
		{6C77FA7E-9FD8-47E7-A812-9CC456F8ED4D} = {1F17AB15-9B41-477E-BCCA-2CF493DE4F58}
		{EA7D27C1-2390-438F-9B2C-B9F9D3D89C02} = {1F17AB15-9B41-477E-BCCA-2CF493DE4F58}
		{70F45B1A-EDF7-45C4-A7F7-E0568DE0016E} = {1F17AB15-9B41-477E-BCCA-2CF493DE4F58}
		{758B9363-0578-44AB-A892-390419242025} = {1F17AB15-9B41-477E-BCCA-2CF493DE4F58}
		{036E1605-41D8-4A16-8448-BBD8BBF1EEAA} = {FED7DCC9-389C-4091-A953-034B61560A2F}
		{46310DDB-D9B5-41EC-AE56-65A763BC3F5D} = {036E1605-41D8-4A16-8448-BBD8BBF1EEAA}
		{F0D4B9CF-F6FB-4876-8310-C01FB4E65D0A} = {FED7DCC9-389C-4091-A953-034B61560A2F}
		{11EB9816-5C7D-4E42-B897-F6A2002B15DA} = {F0D4B9CF-F6FB-4876-8310-C01FB4E65D0A}
	EndGlobalSection
	GlobalSection(ExtensibilityGlobals) = postSolution
		SolutionGuid = {5D73F9B6-1B5A-4FEF-B1AF-943D81241587}
	EndGlobalSection
EndGlobal
